
Microsoft Visual Studio Solution File, Format Version 12.00
# Visual Studio Version 16
VisualStudioVersion = 16.0.31729.503
MinimumVisualStudioVersion = 10.0.40219.1
Project("{FAE04EC0-301F-11D3-BF4B-00C04F79EFBC}") = "Multiple1Joining", "Multiple1Joining\Multiple1Joining.csproj", "{3877DC97-CDF8-4B18-9913-7D450AEF4823}"
EndProject
Global
	GlobalSection(SolutionConfigurationPlatforms) = preSolution
		Debug|Any CPU = Debug|Any CPU
		Release|Any CPU = Release|Any CPU
	EndGlobalSection
	GlobalSection(ProjectConfigurationPlatforms) = postSolution
		{3877DC97-CDF8-4B18-9913-7D450AEF4823}.Debug|Any CPU.ActiveCfg = Debug|Any CPU
		{3877DC97-CDF8-4B18-9913-7D450AEF4823}.Debug|Any CPU.Build.0 = Debug|Any CPU
		{3877DC97-CDF8-4B18-9913-7D450AEF4823}.Release|Any CPU.ActiveCfg = Release|Any CPU
		{3877DC97-CDF8-4B18-9913-7D450AEF4823}.Release|Any CPU.Build.0 = Release|Any CPU
	EndGlobalSection
	GlobalSection(SolutionProperties) = preSolution
		HideSolutionNode = FALSE
	EndGlobalSection
	GlobalSection(ExtensibilityGlobals) = postSolution
		SolutionGuid = {F23E90CF-91E0-439C-BF7E-7199DEAD18CC}
	EndGlobalSection
EndGlobal
